
Microsoft Visual Studio Solution File, Format Version 12.00
# Visual Studio Version 17
VisualStudioVersion = 17.14.36518.9
MinimumVisualStudioVersion = 10.0.40219.1
Project("{FAE04EC0-301F-11D3-BF4B-00C04F79EFBC}") = "ShapesEditor.App", "Source\ShapesEditor.App\ShapesEditor.App.csproj", "{57746674-6F2E-4595-B2DF-1F07027286A0}"
EndProject
Project("{FAE04EC0-301F-11D3-BF4B-00C04F79EFBC}") = "ShapesEditor", "Source\ShapesEditor\ShapesEditor.csproj", "{514FAD70-9DEA-4F24-9F49-6A1D60F77DBD}"
EndProject
Global
	GlobalSection(SolutionConfigurationPlatforms) = preSolution
		Debug|Any CPU = Debug|Any CPU
		Release|Any CPU = Release|Any CPU
	EndGlobalSection
	GlobalSection(ProjectConfigurationPlatforms) = postSolution
		{57746674-6F2E-4595-B2DF-1F07027286A0}.Debug|Any CPU.ActiveCfg = Debug|Any CPU
		{57746674-6F2E-4595-B2DF-1F07027286A0}.Debug|Any CPU.Build.0 = Debug|Any CPU
		{57746674-6F2E-4595-B2DF-1F07027286A0}.Release|Any CPU.ActiveCfg = Release|Any CPU
		{57746674-6F2E-4595-B2DF-1F07027286A0}.Release|Any CPU.Build.0 = Release|Any CPU
		{514FAD70-9DEA-4F24-9F49-6A1D60F77DBD}.Debug|Any CPU.ActiveCfg = Debug|Any CPU
		{514FAD70-9DEA-4F24-9F49-6A1D60F77DBD}.Debug|Any CPU.Build.0 = Debug|Any CPU
		{514FAD70-9DEA-4F24-9F49-6A1D60F77DBD}.Release|Any CPU.ActiveCfg = Release|Any CPU
		{514FAD70-9DEA-4F24-9F49-6A1D60F77DBD}.Release|Any CPU.Build.0 = Release|Any CPU
	EndGlobalSection
	GlobalSection(SolutionProperties) = preSolution
		HideSolutionNode = FALSE
	EndGlobalSection
	GlobalSection(ExtensibilityGlobals) = postSolution
		SolutionGuid = {B4F84C94-AA0F-4A8D-9B65-F962AA0B24E7}
	EndGlobalSection
EndGlobal
